
Microsoft Visual Studio Solution File, Format Version 12.00
# Visual Studio 2013
VisualStudioVersion = 12.0.21005.1
MinimumVisualStudioVersion = 10.0.40219.1
Project("{FAE04EC0-301F-11D3-BF4B-00C04F79EFBC}") = "ArkanoidGame", "ArkanoidGame\ArkanoidGame.csproj", "{F468A637-6F41-4FC7-8909-427B3BC8AF4D}"
EndProject
Project("{FAE04EC0-301F-11D3-BF4B-00C04F79EFBC}") = "ArkanoidGameWindow", "ArkanoidGameWindow\ArkanoidGameWindow.csproj", "{947458AF-73E2-446D-9759-EAF2338404B5}"
EndProject
Project("{FAE04EC0-301F-11D3-BF4B-00C04F79EFBC}") = "QuadTreeDemoApp", "QuadTreeDemoApp\QuadTreeDemoApp.csproj", "{CEF643AF-85D3-4422-9E6E-D78B983A3098}"
EndProject
Project("{2150E333-8FDC-42A3-9474-1A3956D46DE8}") = "Solution Items", "Solution Items", "{F9E14E3E-83A7-4776-B83A-435E5910AAA2}"
	ProjectSection(SolutionItems) = preProject
		Performance1.psess = Performance1.psess
		Performance2.psess = Performance2.psess
	EndProjectSection
EndProject
Global
	GlobalSection(SolutionConfigurationPlatforms) = preSolution
		Debug|Any CPU = Debug|Any CPU
		Release|Any CPU = Release|Any CPU
	EndGlobalSection
	GlobalSection(ProjectConfigurationPlatforms) = postSolution
		{F468A637-6F41-4FC7-8909-427B3BC8AF4D}.Debug|Any CPU.ActiveCfg = Debug|Any CPU
		{F468A637-6F41-4FC7-8909-427B3BC8AF4D}.Debug|Any CPU.Build.0 = Debug|Any CPU
		{F468A637-6F41-4FC7-8909-427B3BC8AF4D}.Release|Any CPU.ActiveCfg = Release|Any CPU
		{F468A637-6F41-4FC7-8909-427B3BC8AF4D}.Release|Any CPU.Build.0 = Release|Any CPU
		{947458AF-73E2-446D-9759-EAF2338404B5}.Debug|Any CPU.ActiveCfg = Debug|Any CPU
		{947458AF-73E2-446D-9759-EAF2338404B5}.Debug|Any CPU.Build.0 = Debug|Any CPU
		{947458AF-73E2-446D-9759-EAF2338404B5}.Release|Any CPU.ActiveCfg = Release|Any CPU
		{947458AF-73E2-446D-9759-EAF2338404B5}.Release|Any CPU.Build.0 = Release|Any CPU
		{CEF643AF-85D3-4422-9E6E-D78B983A3098}.Debug|Any CPU.ActiveCfg = Debug|Any CPU
		{CEF643AF-85D3-4422-9E6E-D78B983A3098}.Debug|Any CPU.Build.0 = Debug|Any CPU
		{CEF643AF-85D3-4422-9E6E-D78B983A3098}.Release|Any CPU.ActiveCfg = Release|Any CPU
		{CEF643AF-85D3-4422-9E6E-D78B983A3098}.Release|Any CPU.Build.0 = Release|Any CPU
	EndGlobalSection
	GlobalSection(SolutionProperties) = preSolution
		HideSolutionNode = FALSE
	EndGlobalSection
EndGlobal
